{
  "requires": true,
  "lockfileVersion": 1,
  "dependencies": {
    "ngx-carousel-lib": {
      "version": "0.1.2",
      "resolved": "https://registry.npmjs.org/ngx-carousel-lib/-/ngx-carousel-lib-0.1.2.tgz",
      "integrity": "sha512-1yTPjkxpG+OC2ioV9WHo5CucGEdvlwyV8nbTsMTYEy+DZuwKUyEIi5iPSS/8E9OgoI5WiYXM7p2C4s8Cy5/MCA==",
      "requires": {
        "tslib": "^1.9.0"
      }
    },
    "tslib": {
      "version": "1.13.0",
      "resolved": "https://registry.npmjs.org/tslib/-/tslib-1.13.0.tgz",
      "integrity": "sha512-i/6DQjL8Xf3be4K/E6Wgpekn5Qasl1usyw++dAA35Ue5orEn65VIxOA+YvNNl9HV3qv70T7CNwjODHZrLwvd1Q=="
    }
  }
}
